
Microsoft Visual Studio Solution File, Format Version 12.00
# Visual Studio Version 16
VisualStudioVersion = 16.0.31112.23
MinimumVisualStudioVersion = 10.0.40219.1
Project("{FAE04EC0-301F-11D3-BF4B-00C04F79EFBC}") = "DependencyInjectionBeispiel", "DependencyInjectionBeispiel\DependencyInjectionBeispiel.csproj", "{369E4D3C-BD51-49D9-831F-C5DA570DACB8}"
EndProject
Global
	GlobalSection(SolutionConfigurationPlatforms) = preSolution
		Debug|Any CPU = Debug|Any CPU
		Release|Any CPU = Release|Any CPU
	EndGlobalSection
	GlobalSection(ProjectConfigurationPlatforms) = postSolution
		{369E4D3C-BD51-49D9-831F-C5DA570DACB8}.Debug|Any CPU.ActiveCfg = Debug|Any CPU
		{369E4D3C-BD51-49D9-831F-C5DA570DACB8}.Debug|Any CPU.Build.0 = Debug|Any CPU
		{369E4D3C-BD51-49D9-831F-C5DA570DACB8}.Release|Any CPU.ActiveCfg = Release|Any CPU
		{369E4D3C-BD51-49D9-831F-C5DA570DACB8}.Release|Any CPU.Build.0 = Release|Any CPU
	EndGlobalSection
	GlobalSection(SolutionProperties) = preSolution
		HideSolutionNode = FALSE
	EndGlobalSection
	GlobalSection(ExtensibilityGlobals) = postSolution
		SolutionGuid = {6E2BA94F-9F0F-4421-B875-8F5CAD1C49D2}
	EndGlobalSection
EndGlobal
