
Microsoft Visual Studio Solution File, Format Version 12.00
# Visual Studio Version 16
VisualStudioVersion = 16.0.30011.22
MinimumVisualStudioVersion = 10.0.40219.1
Project("{FAE04EC0-301F-11D3-BF4B-00C04F79EFBC}") = "WpfAsyncBeispiele", "WpfAsyncBeispiele\WpfAsyncBeispiele.csproj", "{9DBBB9CC-4AF6-4BFF-99D4-BCE58F23B3AB}"
EndProject
Global
	GlobalSection(SolutionConfigurationPlatforms) = preSolution
		Debug|Any CPU = Debug|Any CPU
		Release|Any CPU = Release|Any CPU
	EndGlobalSection
	GlobalSection(ProjectConfigurationPlatforms) = postSolution
		{9DBBB9CC-4AF6-4BFF-99D4-BCE58F23B3AB}.Debug|Any CPU.ActiveCfg = Debug|Any CPU
		{9DBBB9CC-4AF6-4BFF-99D4-BCE58F23B3AB}.Debug|Any CPU.Build.0 = Debug|Any CPU
		{9DBBB9CC-4AF6-4BFF-99D4-BCE58F23B3AB}.Release|Any CPU.ActiveCfg = Release|Any CPU
		{9DBBB9CC-4AF6-4BFF-99D4-BCE58F23B3AB}.Release|Any CPU.Build.0 = Release|Any CPU
	EndGlobalSection
	GlobalSection(SolutionProperties) = preSolution
		HideSolutionNode = FALSE
	EndGlobalSection
	GlobalSection(ExtensibilityGlobals) = postSolution
		SolutionGuid = {A7BF0F55-EBB6-41DC-B895-A93E17E60A7B}
	EndGlobalSection
EndGlobal
