
Microsoft Visual Studio Solution File, Format Version 12.00
# Visual Studio Version 16
VisualStudioVersion = 16.0.30907.101
MinimumVisualStudioVersion = 10.0.40219.1
Project("{FAE04EC0-301F-11D3-BF4B-00C04F79EFBC}") = "WpfMvvmMultiselect", "WpfMvvmMultiselect\WpfMvvmMultiselect.csproj", "{9FEC7EA6-B49F-4850-BFAF-BD2BC9161E89}"
EndProject
Global
	GlobalSection(SolutionConfigurationPlatforms) = preSolution
		Debug|Any CPU = Debug|Any CPU
		Release|Any CPU = Release|Any CPU
	EndGlobalSection
	GlobalSection(ProjectConfigurationPlatforms) = postSolution
		{9FEC7EA6-B49F-4850-BFAF-BD2BC9161E89}.Debug|Any CPU.ActiveCfg = Debug|Any CPU
		{9FEC7EA6-B49F-4850-BFAF-BD2BC9161E89}.Debug|Any CPU.Build.0 = Debug|Any CPU
		{9FEC7EA6-B49F-4850-BFAF-BD2BC9161E89}.Release|Any CPU.ActiveCfg = Release|Any CPU
		{9FEC7EA6-B49F-4850-BFAF-BD2BC9161E89}.Release|Any CPU.Build.0 = Release|Any CPU
	EndGlobalSection
	GlobalSection(SolutionProperties) = preSolution
		HideSolutionNode = FALSE
	EndGlobalSection
	GlobalSection(ExtensibilityGlobals) = postSolution
		SolutionGuid = {589703B3-5216-4164-B4C9-FEB682F7B0EB}
	EndGlobalSection
EndGlobal
